<Solution>
  <Project Path="SteamAudioUnity.csproj" />
  <Project Path="Assembly-CSharp.csproj" />
  <Project Path="Unity.XR.Content.Interaction.csproj" />
  <Project Path="Unity.XR.Interaction.Toolkit.Samples.DeviceSimulator.csproj" />
  <Project Path="Unity.XR.Interaction.Toolkit.Samples.SpatialKeyboard.Editor.csproj" />
  <Project Path="FMODUnityResonanceEditor.csproj" />
  <Project Path="Unity.XR.Interaction.Toolkit.Samples.SpatialKeyboard.csproj" />
  <Project Path="FMODUnityEditor.csproj" />
  <Project Path="FMODUnity.csproj" />
  <Project Path="Unity.XR.Interaction.Toolkit.Samples.StarterAssets.csproj" />
  <Project Path="Unity.XR.Interaction.Toolkit.Samples.StarterAssets.Editor.csproj" />
  <Project Path="SteamAudioUnityEditor.csproj" />
  <Project Path="Unity.XR.Content.Interaction.Analytics.csproj" />
  <Project Path="FMODUnityResonance.csproj" />
  <Project Path="Arikan.MiniMap.csproj" />
  <Project Path="Unity.XR.Interaction.Toolkit.Samples.InteractionSimulator.Editor.csproj" />
  <Project Path="Unity.XR.Interaction.Toolkit.Samples.InteractionSimulator.csproj" />
  <Project Path="Arikan.MiniMap.Demo.csproj" />
</Solution>
